
Microsoft Visual Studio Solution File, Format Version 12.00
# Visual Studio 15
VisualStudioVersion = 15.0.26124.0
MinimumVisualStudioVersion = 15.0.26124.0
Project("{FAE04EC0-301F-11D3-BF4B-00C04F79EFBC}") = "Challenge.Client", "Challenge.Client\Challenge.Client.csproj", "{F67479B6-B153-4EA1-B56B-3646FBA9F186}"
EndProject
Project("{FAE04EC0-301F-11D3-BF4B-00C04F79EFBC}") = "Challenge.Domain", "Challenge.Domain\Challenge.Domain.csproj", "{DA7D40A5-49A7-4A2D-B950-2B7150339305}"
EndProject
Global
	GlobalSection(SolutionConfigurationPlatforms) = preSolution
		Debug|Any CPU = Debug|Any CPU
		Debug|x64 = Debug|x64
		Debug|x86 = Debug|x86
		Release|Any CPU = Release|Any CPU
		Release|x64 = Release|x64
		Release|x86 = Release|x86
	EndGlobalSection
	GlobalSection(SolutionProperties) = preSolution
		HideSolutionNode = FALSE
	EndGlobalSection
	GlobalSection(ProjectConfigurationPlatforms) = postSolution
		{F67479B6-B153-4EA1-B56B-3646FBA9F186}.Debug|Any CPU.ActiveCfg = Debug|Any CPU
		{F67479B6-B153-4EA1-B56B-3646FBA9F186}.Debug|Any CPU.Build.0 = Debug|Any CPU
		{F67479B6-B153-4EA1-B56B-3646FBA9F186}.Debug|x64.ActiveCfg = Debug|Any CPU
		{F67479B6-B153-4EA1-B56B-3646FBA9F186}.Debug|x64.Build.0 = Debug|Any CPU
		{F67479B6-B153-4EA1-B56B-3646FBA9F186}.Debug|x86.ActiveCfg = Debug|Any CPU
		{F67479B6-B153-4EA1-B56B-3646FBA9F186}.Debug|x86.Build.0 = Debug|Any CPU
		{F67479B6-B153-4EA1-B56B-3646FBA9F186}.Release|Any CPU.ActiveCfg = Release|Any CPU
		{F67479B6-B153-4EA1-B56B-3646FBA9F186}.Release|Any CPU.Build.0 = Release|Any CPU
		{F67479B6-B153-4EA1-B56B-3646FBA9F186}.Release|x64.ActiveCfg = Release|Any CPU
		{F67479B6-B153-4EA1-B56B-3646FBA9F186}.Release|x64.Build.0 = Release|Any CPU
		{F67479B6-B153-4EA1-B56B-3646FBA9F186}.Release|x86.ActiveCfg = Release|Any CPU
		{F67479B6-B153-4EA1-B56B-3646FBA9F186}.Release|x86.Build.0 = Release|Any CPU
		{DA7D40A5-49A7-4A2D-B950-2B7150339305}.Debug|Any CPU.ActiveCfg = Debug|Any CPU
		{DA7D40A5-49A7-4A2D-B950-2B7150339305}.Debug|Any CPU.Build.0 = Debug|Any CPU
		{DA7D40A5-49A7-4A2D-B950-2B7150339305}.Debug|x64.ActiveCfg = Debug|Any CPU
		{DA7D40A5-49A7-4A2D-B950-2B7150339305}.Debug|x64.Build.0 = Debug|Any CPU
		{DA7D40A5-49A7-4A2D-B950-2B7150339305}.Debug|x86.ActiveCfg = Debug|Any CPU
		{DA7D40A5-49A7-4A2D-B950-2B7150339305}.Debug|x86.Build.0 = Debug|Any CPU
		{DA7D40A5-49A7-4A2D-B950-2B7150339305}.Release|Any CPU.ActiveCfg = Release|Any CPU
		{DA7D40A5-49A7-4A2D-B950-2B7150339305}.Release|Any CPU.Build.0 = Release|Any CPU
		{DA7D40A5-49A7-4A2D-B950-2B7150339305}.Release|x64.ActiveCfg = Release|Any CPU
		{DA7D40A5-49A7-4A2D-B950-2B7150339305}.Release|x64.Build.0 = Release|Any CPU
		{DA7D40A5-49A7-4A2D-B950-2B7150339305}.Release|x86.ActiveCfg = Release|Any CPU
		{DA7D40A5-49A7-4A2D-B950-2B7150339305}.Release|x86.Build.0 = Release|Any CPU
	EndGlobalSection
EndGlobal
